PODS:
  - Capacitor (7.4.0):
    - CapacitorCordova
  - CapacitorCordova (7.4.0)
  - CapacitorNativeBiometric (0.0.1):
    - Capacitor
  - PurchasesHybridCommon (13.38.1):
    - RevenueCat (= 5.29.0)
  - RevenueCat (5.29.0)
  - RevenuecatPurchasesCapacitor (10.3.6):
    - Capacitor
    - PurchasesHybridCommon (= 13.38.1)

DEPENDENCIES:
  - "Capacitor (from `../../node_modules/@capacitor/ios`)"
  - "CapacitorCordova (from `../../node_modules/@capacitor/ios`)"
  - CapacitorNativeBiometric (from `../../node_modules/capacitor-native-biometric`)
  - "RevenuecatPurchasesCapacitor (from `../../node_modules/@revenuecat/purchases-capacitor`)"

SPEC REPOS:
  trunk:
    - PurchasesHybridCommon
    - RevenueCat

EXTERNAL SOURCES:
  Capacitor:
    :path: "../../node_modules/@capacitor/ios"
  CapacitorCordova:
    :path: "../../node_modules/@capacitor/ios"
  CapacitorNativeBiometric:
    :path: "../../node_modules/capacitor-native-biometric"
  RevenuecatPurchasesCapacitor:
    :path: "../../node_modules/@revenuecat/purchases-capacitor"

SPEC CHECKSUMS:
  Capacitor: 10feab36396883c55373328124a677f118cd4b5f
  CapacitorCordova: 723e017d8a80ab2ede9959fbe37556c35ac860d5
  CapacitorNativeBiometric: 78cf21304251a512e4597437325b5e9b0cd9f7b3
  PurchasesHybridCommon: 5a46c67f78680dee9289783edbcebd983ff7bd9c
  RevenueCat: 5fa12c42c14b390dd2423897e925f407f474b8fa
  RevenuecatPurchasesCapacitor: dba8cde804c226bd7ca15b8abf9dfd5bb4a8a8b3

PODFILE CHECKSUM: 82fcc8f0a85c459f73064c12857290385907cd3d

COCOAPODS: 1.16.2
